
Microsoft Visual Studio Solution File, Format Version 12.00
# Visual Studio 15
VisualStudioVersion = 15.0.28307.168
MinimumVisualStudioVersion = 10.0.40219.1
Project("{FAE04EC0-301F-11D3-BF4B-00C04F79EFBC}") = "TravellingSalesman", "TravellingSalesman\TravellingSalesman.csproj", "{EFF23ECF-CAFA-4683-B5DB-E03C944DA721}"
EndProject
Global
	GlobalSection(SolutionConfigurationPlatforms) = preSolution
		Debug|Any CPU = Debug|Any CPU
		Release|Any CPU = Release|Any CPU
	EndGlobalSection
	GlobalSection(ProjectConfigurationPlatforms) = postSolution
		{EFF23ECF-CAFA-4683-B5DB-E03C944DA721}.Debug|Any CPU.ActiveCfg = Debug|Any CPU
		{EFF23ECF-CAFA-4683-B5DB-E03C944DA721}.Debug|Any CPU.Build.0 = Debug|Any CPU
		{EFF23ECF-CAFA-4683-B5DB-E03C944DA721}.Release|Any CPU.ActiveCfg = Release|Any CPU
		{EFF23ECF-CAFA-4683-B5DB-E03C944DA721}.Release|Any CPU.Build.0 = Release|Any CPU
	EndGlobalSection
	GlobalSection(SolutionProperties) = preSolution
		HideSolutionNode = FALSE
	EndGlobalSection
	GlobalSection(ExtensibilityGlobals) = postSolution
		SolutionGuid = {109AA6EA-C07B-4FB5-B7D1-D6AE0C99F528}
	EndGlobalSection
EndGlobal
